
Microsoft Visual Studio Solution File, Format Version 12.00
# Visual Studio Version 16
VisualStudioVersion = 16.0.31624.102
MinimumVisualStudioVersion = 10.0.40219.1
Project("{FAE04EC0-301F-11D3-BF4B-00C04F79EFBC}") = "Projekat Sudoku", "Projekat Sudoku\Projekat Sudoku.csproj", "{D78B3947-2C27-4EEB-AB1E-45724120919F}"
EndProject
Global
	GlobalSection(SolutionConfigurationPlatforms) = preSolution
		Debug|Any CPU = Debug|Any CPU
		Release|Any CPU = Release|Any CPU
	EndGlobalSection
	GlobalSection(ProjectConfigurationPlatforms) = postSolution
		{D78B3947-2C27-4EEB-AB1E-45724120919F}.Debug|Any CPU.ActiveCfg = Debug|Any CPU
		{D78B3947-2C27-4EEB-AB1E-45724120919F}.Debug|Any CPU.Build.0 = Debug|Any CPU
		{D78B3947-2C27-4EEB-AB1E-45724120919F}.Release|Any CPU.ActiveCfg = Release|Any CPU
		{D78B3947-2C27-4EEB-AB1E-45724120919F}.Release|Any CPU.Build.0 = Release|Any CPU
	EndGlobalSection
	GlobalSection(SolutionProperties) = preSolution
		HideSolutionNode = FALSE
	EndGlobalSection
	GlobalSection(ExtensibilityGlobals) = postSolution
		SolutionGuid = {7D1BBB4C-9423-45DC-B007-1735211563C2}
	EndGlobalSection
EndGlobal
